
Microsoft Visual Studio Solution File, Format Version 12.00
# Visual Studio Version 16
VisualStudioVersion = 16.0.31019.35
MinimumVisualStudioVersion = 10.0.40219.1
Project("{FAE04EC0-301F-11D3-BF4B-00C04F79EFBC}") = "TestNunit", "TestNunit\TestNunit.csproj", "{F342821A-369D-4AA7-95E7-A61FB19AFFD4}"
EndProject
Global
	GlobalSection(SolutionConfigurationPlatforms) = preSolution
		Debug|Any CPU = Debug|Any CPU
		Release|Any CPU = Release|Any CPU
	EndGlobalSection
	GlobalSection(ProjectConfigurationPlatforms) = postSolution
		{F342821A-369D-4AA7-95E7-A61FB19AFFD4}.Debug|Any CPU.ActiveCfg = Debug|Any CPU
		{F342821A-369D-4AA7-95E7-A61FB19AFFD4}.Debug|Any CPU.Build.0 = Debug|Any CPU
		{F342821A-369D-4AA7-95E7-A61FB19AFFD4}.Release|Any CPU.ActiveCfg = Release|Any CPU
		{F342821A-369D-4AA7-95E7-A61FB19AFFD4}.Release|Any CPU.Build.0 = Release|Any CPU
	EndGlobalSection
	GlobalSection(SolutionProperties) = preSolution
		HideSolutionNode = FALSE
	EndGlobalSection
	GlobalSection(ExtensibilityGlobals) = postSolution
		SolutionGuid = {C76DA1DC-DAC5-409D-8B6E-63F0DD35D239}
	EndGlobalSection
EndGlobal
